
Microsoft Visual Studio Solution File, Format Version 12.00
# Visual Studio Version 16
VisualStudioVersion = 16.0.30804.86
MinimumVisualStudioVersion = 10.0.40219.1
Project("{9A19103F-16F7-4668-BE54-9A1E7A4F7556}") = "NoNameButtonGame", "NoNameButtonGame\NoNameButtonGame.csproj", "{F72626BA-0E96-459E-8F70-0F8BDA5C478F}"
EndProject
Global
	GlobalSection(SolutionConfigurationPlatforms) = preSolution
		Debug|Any CPU = Debug|Any CPU
		Debug|x64 = Debug|x64
		Release|Any CPU = Release|Any CPU
		Release|x64 = Release|x64
	EndGlobalSection
	GlobalSection(ProjectConfigurationPlatforms) = postSolution
		{F72626BA-0E96-459E-8F70-0F8BDA5C478F}.Debug|Any CPU.ActiveCfg = Debug|Any CPU
		{F72626BA-0E96-459E-8F70-0F8BDA5C478F}.Debug|Any CPU.Build.0 = Debug|Any CPU
		{F72626BA-0E96-459E-8F70-0F8BDA5C478F}.Debug|x64.ActiveCfg = Debug|x64
		{F72626BA-0E96-459E-8F70-0F8BDA5C478F}.Debug|x64.Build.0 = Debug|x64
		{F72626BA-0E96-459E-8F70-0F8BDA5C478F}.Release|Any CPU.ActiveCfg = Release|Any CPU
		{F72626BA-0E96-459E-8F70-0F8BDA5C478F}.Release|Any CPU.Build.0 = Release|Any CPU
		{F72626BA-0E96-459E-8F70-0F8BDA5C478F}.Release|x64.ActiveCfg = Release|x64
		{F72626BA-0E96-459E-8F70-0F8BDA5C478F}.Release|x64.Build.0 = Release|x64
	EndGlobalSection
	GlobalSection(SolutionProperties) = preSolution
		HideSolutionNode = FALSE
	EndGlobalSection
	GlobalSection(ExtensibilityGlobals) = postSolution
		SolutionGuid = {40C4F575-14FB-4A90-82C3-C7706A6D59D8}
	EndGlobalSection
EndGlobal
